{
  "nodes": {
    "grub2-themes": {
      "inputs": {
        "nixpkgs": "nixpkgs"
      },
      "locked": {
        "lastModified": 1667144942,
        "narHash": "sha256-nh8SYElm/RH9R0J2Ap5s8aBv8GnjHAUuy4PwO0fVpRg=",
        "owner": "vinceliuice",
        "repo": "grub2-themes",
        "rev": "7033bb66e5bc5e015e98b232c46deb5d915b01a4",
        "type": "github"
      },
      "original": {
        "owner": "vinceliuice",
        "repo": "grub2-themes",
        "type": "github"
      }
    },
    "home-manager": {
      "inputs": {
        "nixpkgs": [
          "nixpkgs"
        ],
        "utils": "utils"
      },
      "locked": {
        "lastModified": 1667468181,
        "narHash": "sha256-806/nrDW6e7bl4/oJEdAykYz/NaBuTUi7EUYArw2oic=",
        "owner": "nix-community",
        "repo": "home-manager",
        "rev": "93335810751f0404fe424e61ad58bc8e94bf8e9d",
        "type": "github"
      },
      "original": {
        "owner": "nix-community",
        "repo": "home-manager",
        "type": "github"
      }
    },
    "nixpkgs": {
      "locked": {
        "lastModified": 1667552076,
        "narHash": "sha256-KSRtvp929OzXKSL46bhLT/E8VispowAdGewKY5fk3s0=",
        "owner": "NixOS",
        "repo": "nixpkgs",
        "rev": "f0bcb4c75664e6aee6e530c6db66b7d32e015a70",
        "type": "github"
      },
      "original": {
        "owner": "NixOS",
        "ref": "master",
        "repo": "nixpkgs",
        "type": "github"
      }
    },
    "nixpkgs-unfree": {
      "inputs": {
        "nixpkgs": [
          "nixpkgs"
        ]
      },
      "locked": {
        "lastModified": 1653662045,
        "narHash": "sha256-pTn2FPLsaHMWcP442jTN30YQZlO9K9VbWjkK6u++Q1g=",
        "owner": "numtide",
        "repo": "nixpkgs-unfree",
        "rev": "d9e8ab22f97457284c676885bc874f2fa8552ea4",
        "type": "github"
      },
      "original": {
        "owner": "numtide",
        "repo": "nixpkgs-unfree",
        "type": "github"
      }
    },
    "nixpkgs_2": {
      "locked": {
        "lastModified": 1667379994,
        "narHash": "sha256-PFOg8WHqfKXsIGZtEC0aB+rl8SB1cXvA01ytIudnRh8=",
        "owner": "NixOS",
        "repo": "nixpkgs",
        "rev": "a704b9029586266f63807f64a6718f1a65b0f83b",
        "type": "github"
      },
      "original": {
        "owner": "NixOS",
        "ref": "nixpkgs-unstable",
        "repo": "nixpkgs",
        "type": "github"
      }
    },
    "root": {
      "inputs": {
        "grub2-themes": "grub2-themes",
        "home-manager": "home-manager",
        "nixpkgs": "nixpkgs_2",
        "nixpkgs-unfree": "nixpkgs-unfree",
        "wallpapers": "wallpapers"
      }
    },
    "utils": {
      "locked": {
        "lastModified": 1667077288,
        "narHash": "sha256-bdC8sFNDpT0HK74u9fUkpbf1MEzVYJ+ka7NXCdgBoaA=",
        "owner": "numtide",
        "repo": "flake-utils",
        "rev": "6ee9ebb6b1ee695d2cacc4faa053a7b9baa76817",
        "type": "github"
      },
      "original": {
        "owner": "numtide",
        "repo": "flake-utils",
        "type": "github"
      }
    },
    "wallpapers": {
      "flake": false,
      "locked": {
        "lastModified": 1658483921,
        "narHash": "sha256-0oGBEHn1LnYVOssD2RrnGIaB0pROMnyPBDlpzYVv05Q=",
        "owner": "Xychic",
        "repo": "desktop-wallpapers",
        "rev": "e36d4cbaecefe373720f689675fcf5fb77981840",
        "type": "github"
      },
      "original": {
        "owner": "Xychic",
        "repo": "desktop-wallpapers",
        "type": "github"
      }
    }
  },
  "root": "root",
  "version": 7
}
