{
  "nodes": {
    "grub2-themes": {
      "inputs": {
        "nixpkgs": "nixpkgs"
      },
      "locked": {
        "lastModified": 1708174123,
        "narHash": "sha256-h1m4PaeKXVXTJcAg0urnHHnXZKpIA159ZZ/XBOQXyZo=",
        "owner": "vinceliuice",
        "repo": "grub2-themes",
        "rev": "eda1b86dd8e991ea0c03090ff60b4c0b63799489",
        "type": "github"
      },
      "original": {
        "owner": "vinceliuice",
        "repo": "grub2-themes",
        "type": "github"
      }
    },
    "home-manager": {
      "inputs": {
        "nixpkgs": [
          "nixpkgs"
        ]
      },
      "locked": {
        "lastModified": 1708591310,
        "narHash": "sha256-8mQGVs8JccWTnORgoLOTh9zvf6Np+x2JzhIc+LDcJ9s=",
        "owner": "nix-community",
        "repo": "home-manager",
        "rev": "0e0e9669547e45ea6cca2de4044c1a384fd0fe55",
        "type": "github"
      },
      "original": {
        "owner": "nix-community",
        "repo": "home-manager",
        "type": "github"
      }
    },
    "nix-index-database": {
      "inputs": {
        "nixpkgs": [
          "nixpkgs"
        ]
      },
      "locked": {
        "lastModified": 1708225687,
        "narHash": "sha256-NJBDfvknI26beOFmjO2coeJMTTUCCtw2Iu+rvJ1Zb9k=",
        "owner": "Mic92",
        "repo": "nix-index-database",
        "rev": "17352eb241a8d158c4ac523b19d8d2a6c8efe127",
        "type": "github"
      },
      "original": {
        "owner": "Mic92",
        "repo": "nix-index-database",
        "type": "github"
      }
    },
    "nixpkgs": {
      "locked": {
        "lastModified": 1708710706,
        "narHash": "sha256-wv5Lx30FIqnaLXWGnVlSve1BB1JJNqsy6Ss9aBRvqrw=",
        "owner": "NixOS",
        "repo": "nixpkgs",
        "rev": "7f81b2dee02b8337dc58fd0edb93eefd67e518b0",
        "type": "github"
      },
      "original": {
        "owner": "NixOS",
        "ref": "master",
        "repo": "nixpkgs",
        "type": "github"
      }
    },
    "nixpkgs-unfree": {
      "inputs": {
        "nixpkgs": [
          "nixpkgs"
        ]
      },
      "locked": {
        "lastModified": 1701957584,
        "narHash": "sha256-xEpFaRdrneHl3Xdyzp3emd4QVxML7AR3GC91wuWi0Ok=",
        "owner": "numtide",
        "repo": "nixpkgs-unfree",
        "rev": "127b9b18583de04c6207c2a0e674abf64fc4a3b1",
        "type": "github"
      },
      "original": {
        "owner": "numtide",
        "repo": "nixpkgs-unfree",
        "type": "github"
      }
    },
    "nixpkgs_2": {
      "locked": {
        "lastModified": 1708564076,
        "narHash": "sha256-KKkqoxlgx9n3nwST7O2kM8tliDOijiSSNaWuSkiozdQ=",
        "owner": "NixOS",
        "repo": "nixpkgs",
        "rev": "98b00b6947a9214381112bdb6f89c25498db4959",
        "type": "github"
      },
      "original": {
        "owner": "NixOS",
        "ref": "nixpkgs-unstable",
        "repo": "nixpkgs",
        "type": "github"
      }
    },
    "root": {
      "inputs": {
        "grub2-themes": "grub2-themes",
        "home-manager": "home-manager",
        "nix-index-database": "nix-index-database",
        "nixpkgs": "nixpkgs_2",
        "nixpkgs-unfree": "nixpkgs-unfree",
        "wallpapers": "wallpapers"
      }
    },
    "wallpapers": {
      "flake": false,
      "locked": {
        "lastModified": 1658483921,
        "narHash": "sha256-0oGBEHn1LnYVOssD2RrnGIaB0pROMnyPBDlpzYVv05Q=",
        "owner": "Xychic",
        "repo": "desktop-wallpapers",
        "rev": "e36d4cbaecefe373720f689675fcf5fb77981840",
        "type": "github"
      },
      "original": {
        "owner": "Xychic",
        "repo": "desktop-wallpapers",
        "type": "github"
      }
    }
  },
  "root": "root",
  "version": 7
}
